<?xml version="1.0" encoding="utf-8"?>
<Project ToolsVersion="4.0" xmlns="http://schemas.microsoft.com/developer/msbuild/2003">
  <ItemGroup>
    <ClCompile Include="src\main.cpp">
      <Filter>src</Filter>
    </ClCompile>
    <ClCompile Include="src\renderer.cpp">
      <Filter>src</Filter>
    </ClCompile>
    <ClCompile Include="src\game.cpp">
      <Filter>src</Filter>
    </ClCompile>
    <ClCompile Include="src\game_object.cpp">
      <Filter>src</Filter>
    </ClCompile>
    <ClCompile Include="src\texture.cpp">
      <Filter>src</Filter>
    </ClCompile>
    <ClCompile Include="src\particle_system.cpp">
      <Filter>src</Filter>
    </ClCompile>
    <ClCompile Include="src\shader.cpp">
      <Filter>src</Filter>
    </ClCompile>
    <ClCompile Include="src\assets.cpp">
      <Filter>src</Filter>
    </ClCompile>
    <ClCompile Include="src\ext\glad.c">
      <Filter>ext</Filter>
    </ClCompile>
    <ClCompile Include="src\audio.cpp">
      <Filter>src</Filter>
    </ClCompile>
    <ClCompile Include="src\ext\stb_vorbis.c">
      <Filter>ext</Filter>
    </ClCompile>
  </ItemGroup>
  <ItemGroup>
    <ClInclude Include="src\renderer.h">
      <Filter>src</Filter>
    </ClInclude>
    <ClInclude Include="src\game_object.h">
      <Filter>src</Filter>
    </ClInclude>
    <ClInclude Include="src\game.h">
      <Filter>src</Filter>
    </ClInclude>
    <ClInclude Include="src\texture.h">
      <Filter>src</Filter>
    </ClInclude>
    <ClInclude Include="src\particle_system.h">
      <Filter>src</Filter>
    </ClInclude>
    <ClInclude Include="src\shader.h">
      <Filter>src</Filter>
    </ClInclude>
    <ClInclude Include="src\assets.h">
      <Filter>src</Filter>
    </ClInclude>
    <ClInclude Include="src\ext\stb_image.h">
      <Filter>ext</Filter>
    </ClInclude>
    <ClInclude Include="src\audio.h">
      <Filter>src</Filter>
    </ClInclude>
    <ClInclude Include="src\ext\dr_wav.h">
      <Filter>ext</Filter>
    </ClInclude>
    <ClInclude Include="src\ext\gltext.h">
      <Filter>ext</Filter>
    </ClInclude>
    <ClInclude Include="src\ext\stb_vorbis.h">
      <Filter>ext</Filter>
    </ClInclude>
  </ItemGroup>
  <ItemGroup>
    <Filter Include="src">
      <UniqueIdentifier>{381fe82f-5acd-42f8-8c71-7da524222752}</UniqueIdentifier>
    </Filter>
    <Filter Include="ext">
      <UniqueIdentifier>{42ca4db7-15f4-4619-919e-0312dc50bb92}</UniqueIdentifier>
    </Filter>
    <Filter Include="shaders">
      <UniqueIdentifier>{0bb91fa4-3ced-45ab-bd13-a6f3ca6d7b4f}</UniqueIdentifier>
    </Filter>
  </ItemGroup>
  <ItemGroup>
    <None Include="data\shaders\quad_fragment.glsl">
      <Filter>shaders</Filter>
    </None>
    <None Include="data\shaders\quad_vertex.glsl">
      <Filter>shaders</Filter>
    </None>
  </ItemGroup>
</Project>